
Microsoft Visual Studio Solution File, Format Version 12.00
# Visual Studio 15
VisualStudioVersion = 15.0.28307.168
MinimumVisualStudioVersion = 10.0.40219.1
Project("{FAE04EC0-301F-11D3-BF4B-00C04F79EFBC}") = "C0730194", "C0730194\C0730194.csproj", "{693D40B6-C1C7-4876-8E98-1AAD089D4CD5}"
EndProject
Global
	GlobalSection(SolutionConfigurationPlatforms) = preSolution
		Debug|Any CPU = Debug|Any CPU
		Release|Any CPU = Release|Any CPU
	EndGlobalSection
	GlobalSection(ProjectConfigurationPlatforms) = postSolution
		{693D40B6-C1C7-4876-8E98-1AAD089D4CD5}.Debug|Any CPU.ActiveCfg = Debug|Any CPU
		{693D40B6-C1C7-4876-8E98-1AAD089D4CD5}.Debug|Any CPU.Build.0 = Debug|Any CPU
		{693D40B6-C1C7-4876-8E98-1AAD089D4CD5}.Release|Any CPU.ActiveCfg = Release|Any CPU
		{693D40B6-C1C7-4876-8E98-1AAD089D4CD5}.Release|Any CPU.Build.0 = Release|Any CPU
	EndGlobalSection
	GlobalSection(SolutionProperties) = preSolution
		HideSolutionNode = FALSE
	EndGlobalSection
	GlobalSection(ExtensibilityGlobals) = postSolution
		SolutionGuid = {E65C5DB0-0DD3-42B5-A4BD-CB728CFCE6B7}
	EndGlobalSection
EndGlobal
